
Microsoft Visual Studio Solution File, Format Version 12.00
# Visual Studio Version 17
VisualStudioVersion = 17.10.35027.167
MinimumVisualStudioVersion = 10.0.40219.1
Project("{FAE04EC0-301F-11D3-BF4B-00C04F79EFBC}") = "CalendarWeb", "CalendarWeb\CalendarWeb.csproj", "{5B78254C-CA65-4879-8B21-35ABC4CC8F3C}"
EndProject
Project("{FAE04EC0-301F-11D3-BF4B-00C04F79EFBC}") = "Calendar.DataAccess", "Calendar.DataAccess\Calendar.DataAccess.csproj", "{D0C0F87F-2A4B-4372-8D38-2BA541FDBA70}"
EndProject
Project("{FAE04EC0-301F-11D3-BF4B-00C04F79EFBC}") = "Calendar.Models", "Calendar.Models\Calendar.Models.csproj", "{25033470-DAD1-4D67-8B4A-9926880345DB}"
EndProject
Global
	GlobalSection(SolutionConfigurationPlatforms) = preSolution
		Debug|Any CPU = Debug|Any CPU
		Release|Any CPU = Release|Any CPU
	EndGlobalSection
	GlobalSection(ProjectConfigurationPlatforms) = postSolution
		{5B78254C-CA65-4879-8B21-35ABC4CC8F3C}.Debug|Any CPU.ActiveCfg = Debug|Any CPU
		{5B78254C-CA65-4879-8B21-35ABC4CC8F3C}.Debug|Any CPU.Build.0 = Debug|Any CPU
		{5B78254C-CA65-4879-8B21-35ABC4CC8F3C}.Release|Any CPU.ActiveCfg = Release|Any CPU
		{5B78254C-CA65-4879-8B21-35ABC4CC8F3C}.Release|Any CPU.Build.0 = Release|Any CPU
		{D0C0F87F-2A4B-4372-8D38-2BA541FDBA70}.Debug|Any CPU.ActiveCfg = Debug|Any CPU
		{D0C0F87F-2A4B-4372-8D38-2BA541FDBA70}.Debug|Any CPU.Build.0 = Debug|Any CPU
		{D0C0F87F-2A4B-4372-8D38-2BA541FDBA70}.Release|Any CPU.ActiveCfg = Release|Any CPU
		{D0C0F87F-2A4B-4372-8D38-2BA541FDBA70}.Release|Any CPU.Build.0 = Release|Any CPU
		{25033470-DAD1-4D67-8B4A-9926880345DB}.Debug|Any CPU.ActiveCfg = Debug|Any CPU
		{25033470-DAD1-4D67-8B4A-9926880345DB}.Debug|Any CPU.Build.0 = Debug|Any CPU
		{25033470-DAD1-4D67-8B4A-9926880345DB}.Release|Any CPU.ActiveCfg = Release|Any CPU
		{25033470-DAD1-4D67-8B4A-9926880345DB}.Release|Any CPU.Build.0 = Release|Any CPU
	EndGlobalSection
	GlobalSection(SolutionProperties) = preSolution
		HideSolutionNode = FALSE
	EndGlobalSection
	GlobalSection(ExtensibilityGlobals) = postSolution
		SolutionGuid = {F1A3051C-9059-46C2-AE1E-0CF809AA4FFA}
	EndGlobalSection
EndGlobal
